
Microsoft Visual Studio Solution File, Format Version 12.00
# Visual Studio for Mac
Project("{FAE04EC0-301F-11D3-BF4B-00C04F79EFBC}") = "SpaceShooterTutorial", "Assembly-CSharp.csproj", "{83801ED4-947A-68FD-97D2-22963D5F69A6}"
EndProject
Project("{FAE04EC0-301F-11D3-BF4B-00C04F79EFBC}") = "SpaceShooterTutorial", "Assembly-CSharp-Editor.csproj", "{898447EB-AB16-274F-39AB-071398434741}"
EndProject
Global
	GlobalSection(SolutionConfigurationPlatforms) = preSolution
		Debug|Any CPU = Debug|Any CPU
		Release|Any CPU = Release|Any CPU
	EndGlobalSection
	GlobalSection(ProjectConfigurationPlatforms) = postSolution
		{83801ED4-947A-68FD-97D2-22963D5F69A6}.Debug|Any CPU.ActiveCfg = Debug|Any CPU
		{83801ED4-947A-68FD-97D2-22963D5F69A6}.Debug|Any CPU.Build.0 = Debug|Any CPU
		{83801ED4-947A-68FD-97D2-22963D5F69A6}.Release|Any CPU.ActiveCfg = Release|Any CPU
		{83801ED4-947A-68FD-97D2-22963D5F69A6}.Release|Any CPU.Build.0 = Release|Any CPU
		{898447EB-AB16-274F-39AB-071398434741}.Debug|Any CPU.ActiveCfg = Debug|Any CPU
		{898447EB-AB16-274F-39AB-071398434741}.Debug|Any CPU.Build.0 = Debug|Any CPU
		{898447EB-AB16-274F-39AB-071398434741}.Release|Any CPU.ActiveCfg = Release|Any CPU
		{898447EB-AB16-274F-39AB-071398434741}.Release|Any CPU.Build.0 = Release|Any CPU
	EndGlobalSection
	GlobalSection(SolutionProperties) = preSolution
		HideSolutionNode = FALSE
	EndGlobalSection
EndGlobal
